// !$*UTF8*$!
{
	archiveVersion = 1;
	classes = {
	};
	objectVersion = 56;
	objects = {

/* Begin PBXBuildFile section */
		5B25AE6A2E1A156E0057DB18 /* main.cpp in Sources */ = {isa = PBXBuildFile; fileRef = 5B25AE692E1A156E0057DB18 /* main.cpp */; };
		5BA84B052E7E05380048345B /* Orderbook.cpp in Sources */ = {isa = PBXBuildFile; fileRef = 5BA84B042E7E05380048345B /* Orderbook.cpp */; };
/* End PBXBuildFile section */

/* Begin PBXCopyFilesBuildPhase section */
		5B25AE642E1A156E0057DB18 /* CopyFiles */ = {
			isa = PBXCopyFilesBuildPhase;
			buildActionMask = 2147483647;
			dstPath = /usr/share/man/man1/;
			dstSubfolderSpec = 0;
			files = (
			);
			runOnlyForDeploymentPostprocessing = 1;
		};
/* End PBXCopyFilesBuildPhase section */

/* Begin PBXFileReference section */
		5B25AE662E1A156E0057DB18 /* VortexEngine */ = {isa = PBXFileReference; explicitFileType = "compiled.mach-o.executable"; includeInIndex = 0; path = VortexEngine; sourceTree = BUILT_PRODUCTS_DIR; };
		5B25AE692E1A156E0057DB18 /* main.cpp */ = {isa = PBXFileReference; lastKnownFileType = sourcecode.cpp.cpp; path = main.cpp; sourceTree = "<group>"; };
		5BA84AFE2E7E04720048345B /* Usings.h */ = {isa = PBXFileReference; lastKnownFileType = sourcecode.c.h; path = Usings.h; sourceTree = "<group>"; };
		5BA84AFF2E7E04A20048345B /* TradeInfo.h */ = {isa = PBXFileReference; lastKnownFileType = sourcecode.c.h; path = TradeInfo.h; sourceTree = "<group>"; };
		5BA84B002E7E04C00048345B /* Trade.h */ = {isa = PBXFileReference; lastKnownFileType = sourcecode.c.h; path = Trade.h; sourceTree = "<group>"; };
		5BA84B012E7E04DA0048345B /* Side.h */ = {isa = PBXFileReference; lastKnownFileType = sourcecode.c.h; path = Side.h; sourceTree = "<group>"; };
		5BA84B022E7E04F30048345B /* OrderbookLevelInfos.h */ = {isa = PBXFileReference; lastKnownFileType = sourcecode.c.h; path = OrderbookLevelInfos.h; sourceTree = "<group>"; };
		5BA84B032E7E05130048345B /* Orderbook.h */ = {isa = PBXFileReference; lastKnownFileType = sourcecode.c.h; path = Orderbook.h; sourceTree = "<group>"; };
		5BA84B042E7E05380048345B /* Orderbook.cpp */ = {isa = PBXFileReference; lastKnownFileType = sourcecode.cpp.cpp; path = Orderbook.cpp; sourceTree = "<group>"; };
		5BA84B062E7E05680048345B /* OrderType.h */ = {isa = PBXFileReference; lastKnownFileType = sourcecode.c.h; path = OrderType.h; sourceTree = "<group>"; };
		5BA84B072E7E05800048345B /* OrderModify.h */ = {isa = PBXFileReference; lastKnownFileType = sourcecode.c.h; path = OrderModify.h; sourceTree = "<group>"; };
		5BA84B082E7E05A70048345B /* Order.h */ = {isa = PBXFileReference; lastKnownFileType = sourcecode.c.h; path = Order.h; sourceTree = "<group>"; };
		5BA84B092E7E05BE0048345B /* LevelInfo.h */ = {isa = PBXFileReference; lastKnownFileType = sourcecode.c.h; path = LevelInfo.h; sourceTree = "<group>"; };
		5BA84B0A2E7E05DA0048345B /* Constants.h */ = {isa = PBXFileReference; lastKnownFileType = sourcecode.c.h; path = Constants.h; sourceTree = "<group>"; };
/* End PBXFileReference section */

/* Begin PBXFrameworksBuildPhase section */
		5B25AE632E1A156E0057DB18 /* Frameworks */ = {
			isa = PBXFrameworksBuildPhase;
			buildActionMask = 2147483647;
			files = (
			);
			runOnlyForDeploymentPostprocessing = 0;
		};
/* End PBXFrameworksBuildPhase section */

/* Begin PBXGroup section */
		5B25AE5D2E1A156E0057DB18 = {
			isa = PBXGroup;
			children = (
				5B25AE682E1A156E0057DB18 /* VortexEngine */,
				5B25AE672E1A156E0057DB18 /* Products */,
			);
			sourceTree = "<group>";
		};
		5B25AE672E1A156E0057DB18 /* Products */ = {
			isa = PBXGroup;
			children = (
				5B25AE662E1A156E0057DB18 /* VortexEngine */,
			);
			name = Products;
			sourceTree = "<group>";
		};
		5B25AE682E1A156E0057DB18 /* VortexEngine */ = {
			isa = PBXGroup;
			children = (
				5B25AE692E1A156E0057DB18 /* main.cpp */,
				5BA84AFE2E7E04720048345B /* Usings.h */,
				5BA84AFF2E7E04A20048345B /* TradeInfo.h */,
				5BA84B002E7E04C00048345B /* Trade.h */,
				5BA84B012E7E04DA0048345B /* Side.h */,
				5BA84B022E7E04F30048345B /* OrderbookLevelInfos.h */,
				5BA84B032E7E05130048345B /* Orderbook.h */,
				5BA84B042E7E05380048345B /* Orderbook.cpp */,
				5BA84B062E7E05680048345B /* OrderType.h */,
				5BA84B072E7E05800048345B /* OrderModify.h */,
				5BA84B082E7E05A70048345B /* Order.h */,
				5BA84B092E7E05BE0048345B /* LevelInfo.h */,
				5BA84B0A2E7E05DA0048345B /* Constants.h */,
			);
			path = VortexEngine;
			sourceTree = "<group>";
		};
/* End PBXGroup section */

/* Begin PBXNativeTarget section */
		5B25AE652E1A156E0057DB18 /* VortexEngine */ = {
			isa = PBXNativeTarget;
			buildConfigurationList = 5B25AE6D2E1A156E0057DB18 /* Build configuration list for PBXNativeTarget "VortexEngine" */;
			buildPhases = (
				5B25AE622E1A156E0057DB18 /* Sources */,
				5B25AE632E1A156E0057DB18 /* Frameworks */,
				5B25AE642E1A156E0057DB18 /* CopyFiles */,
			);
			buildRules = (
			);
			dependencies = (
			);
			name = VortexEngine;
			productName = VortexEngine;
			productReference = 5B25AE662E1A156E0057DB18 /* VortexEngine */;
			productType = "com.apple.product-type.tool";
		};
/* End PBXNativeTarget section */

/* Begin PBXProject section */
		5B25AE5E2E1A156E0057DB18 /* Project object */ = {
			isa = PBXProject;
			attributes = {
				BuildIndependentTargetsInParallel = 1;
				LastUpgradeCheck = 1540;
				TargetAttributes = {
					5B25AE652E1A156E0057DB18 = {
						CreatedOnToolsVersion = 15.4;
					};
				};
			};
			buildConfigurationList = 5B25AE612E1A156E0057DB18 /* Build configuration list for PBXProject "VortexEngine" */;
			compatibilityVersion = "Xcode 14.0";
			developmentRegion = en;
			hasScannedForEncodings = 0;
			knownRegions = (
				en,
				Base,
			);
			mainGroup = 5B25AE5D2E1A156E0057DB18;
			productRefGroup = 5B25AE672E1A156E0057DB18 /* Products */;
			projectDirPath = "";
			projectRoot = "";
			targets = (
				5B25AE652E1A156E0057DB18 /* VortexEngine */,
			);
		};
/* End PBXProject section */

/* Begin PBXSourcesBuildPhase section */
		5B25AE622E1A156E0057DB18 /* Sources */ = {
			isa = PBXSourcesBuildPhase;
			buildActionMask = 2147483647;
			files = (
				5B25AE6A2E1A156E0057DB18 /* main.cpp in Sources */,
				5BA84B052E7E05380048345B /* Orderbook.cpp in Sources */,
			);
			runOnlyForDeploymentPostprocessing = 0;
		};
/* End PBXSourcesBuildPhase section */

/* Begin XCBuildConfiguration section */
		5B25AE6B2E1A156E0057DB18 /* Debug */ = {
			isa = XCBuildConfiguration;
			buildSettings = {
				ALWAYS_SEARCH_USER_PATHS = NO;
				ASSETCATALOG_COMPILER_GENERATE_SWIFT_ASSET_SYMBOL_EXTENSIONS = YES;
				CLANG_ANALYZER_NONNULL = YES;
				CLANG_ANALYZER_NUMBER_OBJECT_CONVERSION = YES_AGGRESSIVE;
				CLANG_CXX_LANGUAGE_STANDARD = "gnu++20";
				CLANG_ENABLE_MODULES = YES;
				CLANG_ENABLE_OBJC_ARC = YES;
				CLANG_ENABLE_OBJC_WEAK = YES;
				CLANG_WARN_BLOCK_CAPTURE_AUTORELEASING = YES;
				CLANG_WARN_BOOL_CONVERSION = YES;
				CLANG_WARN_COMMA = YES;
				CLANG_WARN_CONSTANT_CONVERSION = YES;
				CLANG_WARN_DEPRECATED_OBJC_IMPLEMENTATIONS = YES;
				CLANG_WARN_DIRECT_OBJC_ISA_USAGE = YES_ERROR;
				CLANG_WARN_DOCUMENTATION_COMMENTS = YES;
				CLANG_WARN_EMPTY_BODY = YES;
				CLANG_WARN_ENUM_CONVERSION = YES;
				CLANG_WARN_INFINITE_RECURSION = YES;
				CLANG_WARN_INT_CONVERSION = YES;
				CLANG_WARN_NON_LITERAL_NULL_CONVERSION = YES;
				CLANG_WARN_OBJC_IMPLICIT_RETAIN_SELF = YES;
				CLANG_WARN_OBJC_LITERAL_CONVERSION = YES;
				CLANG_WARN_OBJC_ROOT_CLASS = YES_ERROR;
				CLANG_WARN_QUOTED_INCLUDE_IN_FRAMEWORK_HEADER = YES;
				CLANG_WARN_RANGE_LOOP_ANALYSIS = YES;
				CLANG_WARN_STRICT_PROTOTYPES = YES;
				CLANG_WARN_SUSPICIOUS_MOVE = YES;
				CLANG_WARN_UNGUARDED_AVAILABILITY = YES_AGGRESSIVE;
				CLANG_WARN_UNREACHABLE_CODE = YES;
				CLANG_WARN__DUPLICATE_METHOD_MATCH = YES;
				COPY_PHASE_STRIP = NO;
				DEBUG_INFORMATION_FORMAT = dwarf;
				ENABLE_STRICT_OBJC_MSGSEND = YES;
				ENABLE_TESTABILITY = YES;
				ENABLE_USER_SCRIPT_SANDBOXING = YES;
				GCC_C_LANGUAGE_STANDARD = gnu17;
				GCC_DYNAMIC_NO_PIC = NO;
				GCC_NO_COMMON_BLOCKS = YES;
				GCC_OPTIMIZATION_LEVEL = 0;
				GCC_PREPROCESSOR_DEFINITIONS = (
					"DEBUG=1",
					"$(inherited)",
				);
				GCC_WARN_64_TO_32_BIT_CONVERSION = YES;
				GCC_WARN_ABOUT_RETURN_TYPE = YES_ERROR;
				GCC_WARN_UNDECLARED_SELECTOR = YES;
				GCC_WARN_UNINITIALIZED_AUTOS = YES_AGGRESSIVE;
				GCC_WARN_UNUSED_FUNCTION = YES;
				GCC_WARN_UNUSED_VARIABLE = YES;
				LOCALIZATION_PREFERS_STRING_CATALOGS = YES;
				MACOSX_DEPLOYMENT_TARGET = 14.2;
				MTL_ENABLE_DEBUG_INFO = INCLUDE_SOURCE;
				MTL_FAST_MATH = YES;
				ONLY_ACTIVE_ARCH = YES;
				SDKROOT = macosx;
			};
			name = Debug;
		};
		5B25AE6C2E1A156E0057DB18 /* Release */ = {
			isa = XCBuildConfiguration;
			buildSettings = {
				ALWAYS_SEARCH_USER_PATHS = NO;
				ASSETCATALOG_COMPILER_GENERATE_SWIFT_ASSET_SYMBOL_EXTENSIONS = YES;
				CLANG_ANALYZER_NONNULL = YES;
				CLANG_ANALYZER_NUMBER_OBJECT_CONVERSION = YES_AGGRESSIVE;
				CLANG_CXX_LANGUAGE_STANDARD = "gnu++20";
				CLANG_ENABLE_MODULES = YES;
				CLANG_ENABLE_OBJC_ARC = YES;
				CLANG_ENABLE_OBJC_WEAK = YES;
				CLANG_WARN_BLOCK_CAPTURE_AUTORELEASING = YES;
				CLANG_WARN_BOOL_CONVERSION = YES;
				CLANG_WARN_COMMA = YES;
				CLANG_WARN_CONSTANT_CONVERSION = YES;
				CLANG_WARN_DEPRECATED_OBJC_IMPLEMENTATIONS = YES;
				CLANG_WARN_DIRECT_OBJC_ISA_USAGE = YES_ERROR;
				CLANG_WARN_DOCUMENTATION_COMMENTS = YES;
				CLANG_WARN_EMPTY_BODY = YES;
				CLANG_WARN_ENUM_CONVERSION = YES;
				CLANG_WARN_INFINITE_RECURSION = YES;
				CLANG_WARN_INT_CONVERSION = YES;
				CLANG_WARN_NON_LITERAL_NULL_CONVERSION = YES;
				CLANG_WARN_OBJC_IMPLICIT_RETAIN_SELF = YES;
				CLANG_WARN_OBJC_LITERAL_CONVERSION = YES;
				CLANG_WARN_OBJC_ROOT_CLASS = YES_ERROR;
				CLANG_WARN_QUOTED_INCLUDE_IN_FRAMEWORK_HEADER = YES;
				CLANG_WARN_RANGE_LOOP_ANALYSIS = YES;
				CLANG_WARN_STRICT_PROTOTYPES = YES;
				CLANG_WARN_SUSPICIOUS_MOVE = YES;
				CLANG_WARN_UNGUARDED_AVAILABILITY = YES_AGGRESSIVE;
				CLANG_WARN_UNREACHABLE_CODE = YES;
				CLANG_WARN__DUPLICATE_METHOD_MATCH = YES;
				COPY_PHASE_STRIP = NO;
				DEBUG_INFORMATION_FORMAT = "dwarf-with-dsym";
				ENABLE_NS_ASSERTIONS = NO;
				ENABLE_STRICT_OBJC_MSGSEND = YES;
				ENABLE_USER_SCRIPT_SANDBOXING = YES;
				GCC_C_LANGUAGE_STANDARD = gnu17;
				GCC_NO_COMMON_BLOCKS = YES;
				GCC_WARN_64_TO_32_BIT_CONVERSION = YES;
				GCC_WARN_ABOUT_RETURN_TYPE = YES_ERROR;
				GCC_WARN_UNDECLARED_SELECTOR = YES;
				GCC_WARN_UNINITIALIZED_AUTOS = YES_AGGRESSIVE;
				GCC_WARN_UNUSED_FUNCTION = YES;
				GCC_WARN_UNUSED_VARIABLE = YES;
				LOCALIZATION_PREFERS_STRING_CATALOGS = YES;
				MACOSX_DEPLOYMENT_TARGET = 14.2;
				MTL_ENABLE_DEBUG_INFO = NO;
				MTL_FAST_MATH = YES;
				SDKROOT = macosx;
			};
			name = Release;
		};
		5B25AE6E2E1A156E0057DB18 /* Debug */ = {
			isa = XCBuildConfiguration;
			buildSettings = {
				CODE_SIGN_STYLE = Automatic;
				PRODUCT_NAME = "$(TARGET_NAME)";
			};
			name = Debug;
		};
		5B25AE6F2E1A156E0057DB18 /* Release */ = {
			isa = XCBuildConfiguration;
			buildSettings = {
				CODE_SIGN_STYLE = Automatic;
				PRODUCT_NAME = "$(TARGET_NAME)";
			};
			name = Release;
		};
/* End XCBuildConfiguration section */

/* Begin XCConfigurationList section */
		5B25AE612E1A156E0057DB18 /* Build configuration list for PBXProject "VortexEngine" */ = {
			isa = XCConfigurationList;
			buildConfigurations = (
				5B25AE6B2E1A156E0057DB18 /* Debug */,
				5B25AE6C2E1A156E0057DB18 /* Release */,
			);
			defaultConfigurationIsVisible = 0;
			defaultConfigurationName = Release;
		};
		5B25AE6D2E1A156E0057DB18 /* Build configuration list for PBXNativeTarget "VortexEngine" */ = {
			isa = XCConfigurationList;
			buildConfigurations = (
				5B25AE6E2E1A156E0057DB18 /* Debug */,
				5B25AE6F2E1A156E0057DB18 /* Release */,
			);
			defaultConfigurationIsVisible = 0;
			defaultConfigurationName = Release;
		};
/* End XCConfigurationList section */
	};
	rootObject = 5B25AE5E2E1A156E0057DB18 /* Project object */;
}
